{
  "nodes": {
    "dgop": {
      "inputs": {
        "nixpkgs": [
          "nixpkgs"
        ]
      },
      "locked": {
        "lastModified": 1759769087,
        "narHash": "sha256-b4dEAjvIfIkw2/C47aZGDnwhTBEjqptDo8J5PizeTCo=",
        "owner": "AvengeMedia",
        "repo": "dgop",
        "rev": "ad6ad285e8b882c41eb8994ef7c91e151afb9a97",
        "type": "github"
      },
      "original": {
        "owner": "AvengeMedia",
        "repo": "dgop",
        "type": "github"
      }
    },
    "dms-cli": {
      "inputs": {
        "nixpkgs": [
          "nixpkgs"
        ]
      },
      "locked": {
        "lastModified": 1759982027,
        "narHash": "sha256-4deRT98VwfZWZ685wIGevyYl3CzpuZJPjdjfulABH00=",
        "owner": "AvengeMedia",
        "repo": "danklinux",
        "rev": "5cdfeeae2e14089079dcb0d6b61f014ce754021f",
        "type": "github"
      },
      "original": {
        "owner": "AvengeMedia",
        "repo": "danklinux",
        "type": "github"
      }
    },
    "nixpkgs": {
      "locked": {
        "lastModified": 1759826507,
        "narHash": "sha256-vwXL9H5zDHEQA0oFpww2one0/hkwnPAjc47LRph6d0I=",
        "owner": "nixos",
        "repo": "nixpkgs",
        "rev": "bce5fe2bb998488d8e7e7856315f90496723793c",
        "type": "github"
      },
      "original": {
        "owner": "nixos",
        "ref": "nixpkgs-unstable",
        "repo": "nixpkgs",
        "type": "github"
      }
    },
    "quickshell": {
      "inputs": {
        "nixpkgs": [
          "nixpkgs"
        ]
      },
      "locked": {
        "lastModified": 1759610621,
        "narHash": "sha256-P3UPFd95mS/3aNgy40nCXAmyfR2bEEBd+tX6xfkYFb0=",
        "ref": "refs/heads/master",
        "rev": "c5c438f1cd1a76660a8658ef929a3d19e968e2ce",
        "revCount": 689,
        "type": "git",
        "url": "https://git.outfoxxed.me/quickshell/quickshell"
      },
      "original": {
        "type": "git",
        "url": "https://git.outfoxxed.me/quickshell/quickshell"
      }
    },
    "root": {
      "inputs": {
        "dgop": "dgop",
        "dms-cli": "dms-cli",
        "nixpkgs": "nixpkgs",
        "quickshell": "quickshell"
      }
    }
  },
  "root": "root",
  "version": 7
}
